
Microsoft Visual Studio Solution File, Format Version 12.00
# Visual Studio Version 17
VisualStudioVersion = 17.4.33110.190
MinimumVisualStudioVersion = 10.0.40219.1
Project("{FAE04EC0-301F-11D3-BF4B-00C04F79EFBC}") = "BecasEscuela", "BecasEscuela\BecasEscuela.csproj", "{78BF5A50-62BE-441E-8A92-A5E38581A3D2}"
EndProject
Global
	GlobalSection(SolutionConfigurationPlatforms) = preSolution
		Debug|Any CPU = Debug|Any CPU
		Release|Any CPU = Release|Any CPU
	EndGlobalSection
	GlobalSection(ProjectConfigurationPlatforms) = postSolution
		{78BF5A50-62BE-441E-8A92-A5E38581A3D2}.Debug|Any CPU.ActiveCfg = Debug|Any CPU
		{78BF5A50-62BE-441E-8A92-A5E38581A3D2}.Debug|Any CPU.Build.0 = Debug|Any CPU
		{78BF5A50-62BE-441E-8A92-A5E38581A3D2}.Release|Any CPU.ActiveCfg = Release|Any CPU
		{78BF5A50-62BE-441E-8A92-A5E38581A3D2}.Release|Any CPU.Build.0 = Release|Any CPU
	EndGlobalSection
	GlobalSection(SolutionProperties) = preSolution
		HideSolutionNode = FALSE
	EndGlobalSection
	GlobalSection(ExtensibilityGlobals) = postSolution
		SolutionGuid = {872C06DA-99F9-4173-B769-6362683EC809}
	EndGlobalSection
EndGlobal
